
Microsoft Visual Studio Solution File, Format Version 12.00
# Visual Studio 14
VisualStudioVersion = 14.0.25420.1
MinimumVisualStudioVersion = 10.0.40219.1
Project("{FAE04EC0-301F-11D3-BF4B-00C04F79EFBC}") = "MainGame", "MainGame\MainGame\MainGame.csproj", "{21AD96E2-ED8F-4637-8AB5-39E0B08FFA5F}"
EndProject
Project("{96E2B04D-8817-42C6-938A-82C39BA4D311}") = "MainGameContent", "MainGame\MainGameContent\MainGameContent.contentproj", "{01C0D74F-B107-4995-8EF4-8299B324FBB5}"
EndProject
Global
	GlobalSection(SolutionConfigurationPlatforms) = preSolution
		Debug|x86 = Debug|x86
		Release|x86 = Release|x86
	EndGlobalSection
	GlobalSection(ProjectConfigurationPlatforms) = postSolution
		{21AD96E2-ED8F-4637-8AB5-39E0B08FFA5F}.Debug|x86.ActiveCfg = Debug|x86
		{21AD96E2-ED8F-4637-8AB5-39E0B08FFA5F}.Debug|x86.Build.0 = Debug|x86
		{21AD96E2-ED8F-4637-8AB5-39E0B08FFA5F}.Release|x86.ActiveCfg = Release|x86
		{21AD96E2-ED8F-4637-8AB5-39E0B08FFA5F}.Release|x86.Build.0 = Release|x86
		{01C0D74F-B107-4995-8EF4-8299B324FBB5}.Debug|x86.ActiveCfg = Debug|x86
		{01C0D74F-B107-4995-8EF4-8299B324FBB5}.Release|x86.ActiveCfg = Release|x86
	EndGlobalSection
	GlobalSection(SolutionProperties) = preSolution
		HideSolutionNode = FALSE
	EndGlobalSection
EndGlobal
